// !$*UTF8*$!
{
	archiveVersion = 1;
	classes = {
	};
	objectVersion = 56;
	objects = {

/* Begin PBXBuildFile section */
		C8789BDB28D5F8FB00B6507B /* OrangeVanLevelApp.swift in Sources */ = {isa = PBXBuildFile; fileRef = C8789BDA28D5F8FB00B6507B /* OrangeVanLevelApp.swift */; };
		C8789BDF28D5F8FC00B6507B /* Assets.xcassets in Resources */ = {isa = PBXBuildFile; fileRef = C8789BDE28D5F8FC00B6507B /* Assets.xcassets */; };
		C8789BE328D5F8FC00B6507B /* Preview Assets.xcassets in Resources */ = {isa = PBXBuildFile; fileRef = C8789BE228D5F8FC00B6507B /* Preview Assets.xcassets */; };
		C895DD6B28E7246500D576F5 /* BubbleLevel.swift in Sources */ = {isa = PBXBuildFile; fileRef = C895DD6A28E7246500D576F5 /* BubbleLevel.swift */; };
		C895DD6D28E7248C00D576F5 /* DoubleAsFixedLengthString.swift in Sources */ = {isa = PBXBuildFile; fileRef = C895DD6C28E7248C00D576F5 /* DoubleAsFixedLengthString.swift */; };
		C895DD7028E724C800D576F5 /* LevelView.swift in Sources */ = {isa = PBXBuildFile; fileRef = C895DD6E28E724C800D576F5 /* LevelView.swift */; };
		C895DD7128E724C800D576F5 /* LevelProxy.swift in Sources */ = {isa = PBXBuildFile; fileRef = C895DD6F28E724C800D576F5 /* LevelProxy.swift */; };
		C895DD7328E725EE00D576F5 /* OrientationDataView.swift in Sources */ = {isa = PBXBuildFile; fileRef = C895DD7228E725EE00D576F5 /* OrientationDataView.swift */; };
		C895DD7728E848B300D576F5 /* CoreBluetooth.framework in Frameworks */ = {isa = PBXBuildFile; fileRef = C895DD7628E848B300D576F5 /* CoreBluetooth.framework */; };
		C8BB7F8228EDBDF4000A6DA5 /* ConnectionStatusView.swift in Sources */ = {isa = PBXBuildFile; fileRef = C8BB7F8128EDBDF4000A6DA5 /* ConnectionStatusView.swift */; };
		C8BB7F8428EDC2D6000A6DA5 /* TempView.swift in Sources */ = {isa = PBXBuildFile; fileRef = C8BB7F8328EDC2D6000A6DA5 /* TempView.swift */; };
/* End PBXBuildFile section */

/* Begin PBXFileReference section */
		C8789BD728D5F8FB00B6507B /* OrangeVanLevel.app */ = {isa = PBXFileReference; explicitFileType = wrapper.application; includeInIndex = 0; path = OrangeVanLevel.app; sourceTree = BUILT_PRODUCTS_DIR; };
		C8789BDA28D5F8FB00B6507B /* OrangeVanLevelApp.swift */ = {isa = PBXFileReference; lastKnownFileType = sourcecode.swift; path = OrangeVanLevelApp.swift; sourceTree = "<group>"; };
		C8789BDE28D5F8FC00B6507B /* Assets.xcassets */ = {isa = PBXFileReference; lastKnownFileType = folder.assetcatalog; path = Assets.xcassets; sourceTree = "<group>"; };
		C8789BE028D5F8FC00B6507B /* OrangeVanLevel.entitlements */ = {isa = PBXFileReference; lastKnownFileType = text.plist.entitlements; path = OrangeVanLevel.entitlements; sourceTree = "<group>"; };
		C8789BE228D5F8FC00B6507B /* Preview Assets.xcassets */ = {isa = PBXFileReference; lastKnownFileType = folder.assetcatalog; path = "Preview Assets.xcassets"; sourceTree = "<group>"; };
		C895DD6A28E7246500D576F5 /* BubbleLevel.swift */ = {isa = PBXFileReference; fileEncoding = 4; lastKnownFileType = sourcecode.swift; path = BubbleLevel.swift; sourceTree = "<group>"; };
		C895DD6C28E7248C00D576F5 /* DoubleAsFixedLengthString.swift */ = {isa = PBXFileReference; fileEncoding = 4; lastKnownFileType = sourcecode.swift; path = DoubleAsFixedLengthString.swift; sourceTree = "<group>"; };
		C895DD6E28E724C800D576F5 /* LevelView.swift */ = {isa = PBXFileReference; fileEncoding = 4; lastKnownFileType = sourcecode.swift; path = LevelView.swift; sourceTree = "<group>"; };
		C895DD6F28E724C800D576F5 /* LevelProxy.swift */ = {isa = PBXFileReference; fileEncoding = 4; lastKnownFileType = sourcecode.swift; path = LevelProxy.swift; sourceTree = "<group>"; };
		C895DD7228E725EE00D576F5 /* OrientationDataView.swift */ = {isa = PBXFileReference; fileEncoding = 4; lastKnownFileType = sourcecode.swift; path = OrientationDataView.swift; sourceTree = "<group>"; };
		C895DD7428E844A300D576F5 /* Info.plist */ = {isa = PBXFileReference; lastKnownFileType = text.plist; path = Info.plist; sourceTree = "<group>"; };
		C895DD7628E848B300D576F5 /* CoreBluetooth.framework */ = {isa = PBXFileReference; lastKnownFileType = wrapper.framework; name = CoreBluetooth.framework; path = Platforms/iPhoneOS.platform/Developer/SDKs/iPhoneOS16.0.sdk/System/Library/Frameworks/CoreBluetooth.framework; sourceTree = DEVELOPER_DIR; };
		C8BB7F8128EDBDF4000A6DA5 /* ConnectionStatusView.swift */ = {isa = PBXFileReference; lastKnownFileType = sourcecode.swift; path = ConnectionStatusView.swift; sourceTree = "<group>"; };
		C8BB7F8328EDC2D6000A6DA5 /* TempView.swift */ = {isa = PBXFileReference; lastKnownFileType = sourcecode.swift; path = TempView.swift; sourceTree = "<group>"; };
/* End PBXFileReference section */

/* Begin PBXFrameworksBuildPhase section */
		C8789BD428D5F8FB00B6507B /* Frameworks */ = {
			isa = PBXFrameworksBuildPhase;
			buildActionMask = 2147483647;
			files = (
				C895DD7728E848B300D576F5 /* CoreBluetooth.framework in Frameworks */,
			);
			runOnlyForDeploymentPostprocessing = 0;
		};
/* End PBXFrameworksBuildPhase section */

/* Begin PBXGroup section */
		C8789BCE28D5F8FB00B6507B = {
			isa = PBXGroup;
			children = (
				C8789BD928D5F8FB00B6507B /* OrangeVanLevel */,
				C8789BD828D5F8FB00B6507B /* Products */,
				C895DD7528E848B200D576F5 /* Frameworks */,
			);
			sourceTree = "<group>";
		};
		C8789BD828D5F8FB00B6507B /* Products */ = {
			isa = PBXGroup;
			children = (
				C8789BD728D5F8FB00B6507B /* OrangeVanLevel.app */,
			);
			name = Products;
			sourceTree = "<group>";
		};
		C8789BD928D5F8FB00B6507B /* OrangeVanLevel */ = {
			isa = PBXGroup;
			children = (
				C895DD7428E844A300D576F5 /* Info.plist */,
				C8789BDA28D5F8FB00B6507B /* OrangeVanLevelApp.swift */,
				C8BB7F8528EDC40C000A6DA5 /* BubbleLevel */,
				C8BB7F8628EDC428000A6DA5 /* TempView */,
				C8BB7F8728EDC439000A6DA5 /* Model */,
				C8BB7F8828EDC456000A6DA5 /* Helpers */,
				C8789BDE28D5F8FC00B6507B /* Assets.xcassets */,
				C8789BE028D5F8FC00B6507B /* OrangeVanLevel.entitlements */,
				C8789BE128D5F8FC00B6507B /* Preview Content */,
			);
			path = OrangeVanLevel;
			sourceTree = "<group>";
		};
		C8789BE128D5F8FC00B6507B /* Preview Content */ = {
			isa = PBXGroup;
			children = (
				C8789BE228D5F8FC00B6507B /* Preview Assets.xcassets */,
			);
			path = "Preview Content";
			sourceTree = "<group>";
		};
		C895DD7528E848B200D576F5 /* Frameworks */ = {
			isa = PBXGroup;
			children = (
				C895DD7628E848B300D576F5 /* CoreBluetooth.framework */,
			);
			name = Frameworks;
			sourceTree = "<group>";
		};
		C8BB7F8528EDC40C000A6DA5 /* BubbleLevel */ = {
			isa = PBXGroup;
			children = (
				C895DD6A28E7246500D576F5 /* BubbleLevel.swift */,
				C895DD6E28E724C800D576F5 /* LevelView.swift */,
				C895DD7228E725EE00D576F5 /* OrientationDataView.swift */,
				C8BB7F8128EDBDF4000A6DA5 /* ConnectionStatusView.swift */,
			);
			path = BubbleLevel;
			sourceTree = "<group>";
		};
		C8BB7F8628EDC428000A6DA5 /* TempView */ = {
			isa = PBXGroup;
			children = (
				C8BB7F8328EDC2D6000A6DA5 /* TempView.swift */,
			);
			path = TempView;
			sourceTree = "<group>";
		};
		C8BB7F8728EDC439000A6DA5 /* Model */ = {
			isa = PBXGroup;
			children = (
				C895DD6F28E724C800D576F5 /* LevelProxy.swift */,
			);
			path = Model;
			sourceTree = "<group>";
		};
		C8BB7F8828EDC456000A6DA5 /* Helpers */ = {
			isa = PBXGroup;
			children = (
				C895DD6C28E7248C00D576F5 /* DoubleAsFixedLengthString.swift */,
			);
			path = Helpers;
			sourceTree = "<group>";
		};
/* End PBXGroup section */

/* Begin PBXNativeTarget section */
		C8789BD628D5F8FB00B6507B /* OrangeVanLevel */ = {
			isa = PBXNativeTarget;
			buildConfigurationList = C8789BE628D5F8FC00B6507B /* Build configuration list for PBXNativeTarget "OrangeVanLevel" */;
			buildPhases = (
				C8789BD328D5F8FB00B6507B /* Sources */,
				C8789BD428D5F8FB00B6507B /* Frameworks */,
				C8789BD528D5F8FB00B6507B /* Resources */,
			);
			buildRules = (
			);
			dependencies = (
			);
			name = OrangeVanLevel;
			productName = OrangeVanLevel;
			productReference = C8789BD728D5F8FB00B6507B /* OrangeVanLevel.app */;
			productType = "com.apple.product-type.application";
		};
/* End PBXNativeTarget section */

/* Begin PBXProject section */
		C8789BCF28D5F8FB00B6507B /* Project object */ = {
			isa = PBXProject;
			attributes = {
				BuildIndependentTargetsInParallel = 1;
				LastSwiftUpdateCheck = 1400;
				LastUpgradeCheck = 1400;
				TargetAttributes = {
					C8789BD628D5F8FB00B6507B = {
						CreatedOnToolsVersion = 14.0;
					};
				};
			};
			buildConfigurationList = C8789BD228D5F8FB00B6507B /* Build configuration list for PBXProject "OrangeVanLevel" */;
			compatibilityVersion = "Xcode 14.0";
			developmentRegion = en;
			hasScannedForEncodings = 0;
			knownRegions = (
				en,
				Base,
			);
			mainGroup = C8789BCE28D5F8FB00B6507B;
			productRefGroup = C8789BD828D5F8FB00B6507B /* Products */;
			projectDirPath = "";
			projectRoot = "";
			targets = (
				C8789BD628D5F8FB00B6507B /* OrangeVanLevel */,
			);
		};
/* End PBXProject section */

/* Begin PBXResourcesBuildPhase section */
		C8789BD528D5F8FB00B6507B /* Resources */ = {
			isa = PBXResourcesBuildPhase;
			buildActionMask = 2147483647;
			files = (
				C8789BE328D5F8FC00B6507B /* Preview Assets.xcassets in Resources */,
				C8789BDF28D5F8FC00B6507B /* Assets.xcassets in Resources */,
			);
			runOnlyForDeploymentPostprocessing = 0;
		};
/* End PBXResourcesBuildPhase section */

/* Begin PBXSourcesBuildPhase section */
		C8789BD328D5F8FB00B6507B /* Sources */ = {
			isa = PBXSourcesBuildPhase;
			buildActionMask = 2147483647;
			files = (
				C8BB7F8228EDBDF4000A6DA5 /* ConnectionStatusView.swift in Sources */,
				C895DD7128E724C800D576F5 /* LevelProxy.swift in Sources */,
				C8BB7F8428EDC2D6000A6DA5 /* TempView.swift in Sources */,
				C895DD7328E725EE00D576F5 /* OrientationDataView.swift in Sources */,
				C895DD6D28E7248C00D576F5 /* DoubleAsFixedLengthString.swift in Sources */,
				C895DD7028E724C800D576F5 /* LevelView.swift in Sources */,
				C895DD6B28E7246500D576F5 /* BubbleLevel.swift in Sources */,
				C8789BDB28D5F8FB00B6507B /* OrangeVanLevelApp.swift in Sources */,
			);
			runOnlyForDeploymentPostprocessing = 0;
		};
/* End PBXSourcesBuildPhase section */

/* Begin XCBuildConfiguration section */
		C8789BE428D5F8FC00B6507B /* Debug */ = {
			isa = XCBuildConfiguration;
			buildSettings = {
				ALWAYS_SEARCH_USER_PATHS = NO;
				CLANG_ANALYZER_NONNULL = YES;
				CLANG_ANALYZER_NUMBER_OBJECT_CONVERSION = YES_AGGRESSIVE;
				CLANG_CXX_LANGUAGE_STANDARD = "gnu++20";
				CLANG_ENABLE_MODULES = YES;
				CLANG_ENABLE_OBJC_ARC = YES;
				CLANG_ENABLE_OBJC_WEAK = YES;
				CLANG_WARN_BLOCK_CAPTURE_AUTORELEASING = YES;
				CLANG_WARN_BOOL_CONVERSION = YES;
				CLANG_WARN_COMMA = YES;
				CLANG_WARN_CONSTANT_CONVERSION = YES;
				CLANG_WARN_DEPRECATED_OBJC_IMPLEMENTATIONS = YES;
				CLANG_WARN_DIRECT_OBJC_ISA_USAGE = YES_ERROR;
				CLANG_WARN_DOCUMENTATION_COMMENTS = YES;
				CLANG_WARN_EMPTY_BODY = YES;
				CLANG_WARN_ENUM_CONVERSION = YES;
				CLANG_WARN_INFINITE_RECURSION = YES;
				CLANG_WARN_INT_CONVERSION = YES;
				CLANG_WARN_NON_LITERAL_NULL_CONVERSION = YES;
				CLANG_WARN_OBJC_IMPLICIT_RETAIN_SELF = YES;
				CLANG_WARN_OBJC_LITERAL_CONVERSION = YES;
				CLANG_WARN_OBJC_ROOT_CLASS = YES_ERROR;
				CLANG_WARN_QUOTED_INCLUDE_IN_FRAMEWORK_HEADER = YES;
				CLANG_WARN_RANGE_LOOP_ANALYSIS = YES;
				CLANG_WARN_STRICT_PROTOTYPES = YES;
				CLANG_WARN_SUSPICIOUS_MOVE = YES;
				CLANG_WARN_UNGUARDED_AVAILABILITY = YES_AGGRESSIVE;
				CLANG_WARN_UNREACHABLE_CODE = YES;
				CLANG_WARN__DUPLICATE_METHOD_MATCH = YES;
				COPY_PHASE_STRIP = NO;
				DEBUG_INFORMATION_FORMAT = dwarf;
				ENABLE_STRICT_OBJC_MSGSEND = YES;
				ENABLE_TESTABILITY = YES;
				GCC_C_LANGUAGE_STANDARD = gnu11;
				GCC_DYNAMIC_NO_PIC = NO;
				GCC_NO_COMMON_BLOCKS = YES;
				GCC_OPTIMIZATION_LEVEL = 0;
				GCC_PREPROCESSOR_DEFINITIONS = (
					"DEBUG=1",
					"$(inherited)",
				);
				GCC_WARN_64_TO_32_BIT_CONVERSION = YES;
				GCC_WARN_ABOUT_RETURN_TYPE = YES_ERROR;
				GCC_WARN_UNDECLARED_SELECTOR = YES;
				GCC_WARN_UNINITIALIZED_AUTOS = YES_AGGRESSIVE;
				GCC_WARN_UNUSED_FUNCTION = YES;
				GCC_WARN_UNUSED_VARIABLE = YES;
				MTL_ENABLE_DEBUG_INFO = INCLUDE_SOURCE;
				MTL_FAST_MATH = YES;
				ONLY_ACTIVE_ARCH = YES;
				SWIFT_ACTIVE_COMPILATION_CONDITIONS = DEBUG;
				SWIFT_OPTIMIZATION_LEVEL = "-Onone";
			};
			name = Debug;
		};
		C8789BE528D5F8FC00B6507B /* Release */ = {
			isa = XCBuildConfiguration;
			buildSettings = {
				ALWAYS_SEARCH_USER_PATHS = NO;
				CLANG_ANALYZER_NONNULL = YES;
				CLANG_ANALYZER_NUMBER_OBJECT_CONVERSION = YES_AGGRESSIVE;
				CLANG_CXX_LANGUAGE_STANDARD = "gnu++20";
				CLANG_ENABLE_MODULES = YES;
				CLANG_ENABLE_OBJC_ARC = YES;
				CLANG_ENABLE_OBJC_WEAK = YES;
				CLANG_WARN_BLOCK_CAPTURE_AUTORELEASING = YES;
				CLANG_WARN_BOOL_CONVERSION = YES;
				CLANG_WARN_COMMA = YES;
				CLANG_WARN_CONSTANT_CONVERSION = YES;
				CLANG_WARN_DEPRECATED_OBJC_IMPLEMENTATIONS = YES;
				CLANG_WARN_DIRECT_OBJC_ISA_USAGE = YES_ERROR;
				CLANG_WARN_DOCUMENTATION_COMMENTS = YES;
				CLANG_WARN_EMPTY_BODY = YES;
				CLANG_WARN_ENUM_CONVERSION = YES;
				CLANG_WARN_INFINITE_RECURSION = YES;
				CLANG_WARN_INT_CONVERSION = YES;
				CLANG_WARN_NON_LITERAL_NULL_CONVERSION = YES;
				CLANG_WARN_OBJC_IMPLICIT_RETAIN_SELF = YES;
				CLANG_WARN_OBJC_LITERAL_CONVERSION = YES;
				CLANG_WARN_OBJC_ROOT_CLASS = YES_ERROR;
				CLANG_WARN_QUOTED_INCLUDE_IN_FRAMEWORK_HEADER = YES;
				CLANG_WARN_RANGE_LOOP_ANALYSIS = YES;
				CLANG_WARN_STRICT_PROTOTYPES = YES;
				CLANG_WARN_SUSPICIOUS_MOVE = YES;
				CLANG_WARN_UNGUARDED_AVAILABILITY = YES_AGGRESSIVE;
				CLANG_WARN_UNREACHABLE_CODE = YES;
				CLANG_WARN__DUPLICATE_METHOD_MATCH = YES;
				COPY_PHASE_STRIP = NO;
				DEBUG_INFORMATION_FORMAT = "dwarf-with-dsym";
				ENABLE_NS_ASSERTIONS = NO;
				ENABLE_STRICT_OBJC_MSGSEND = YES;
				GCC_C_LANGUAGE_STANDARD = gnu11;
				GCC_NO_COMMON_BLOCKS = YES;
				GCC_WARN_64_TO_32_BIT_CONVERSION = YES;
				GCC_WARN_ABOUT_RETURN_TYPE = YES_ERROR;
				GCC_WARN_UNDECLARED_SELECTOR = YES;
				GCC_WARN_UNINITIALIZED_AUTOS = YES_AGGRESSIVE;
				GCC_WARN_UNUSED_FUNCTION = YES;
				GCC_WARN_UNUSED_VARIABLE = YES;
				MTL_ENABLE_DEBUG_INFO = NO;
				MTL_FAST_MATH = YES;
				SWIFT_COMPILATION_MODE = wholemodule;
				SWIFT_OPTIMIZATION_LEVEL = "-O";
			};
			name = Release;
		};
		C8789BE728D5F8FC00B6507B /* Debug */ = {
			isa = XCBuildConfiguration;
			buildSettings = {
				ASSETCATALOG_COMPILER_APPICON_NAME = AppIcon;
				ASSETCATALOG_COMPILER_GLOBAL_ACCENT_COLOR_NAME = AccentColor;
				CODE_SIGN_ENTITLEMENTS = OrangeVanLevel/OrangeVanLevel.entitlements;
				CODE_SIGN_STYLE = Automatic;
				CURRENT_PROJECT_VERSION = 1;
				DEVELOPMENT_ASSET_PATHS = "\"OrangeVanLevel/Preview Content\"";
				DEVELOPMENT_TEAM = Z7Y5UC9XJ6;
				ENABLE_HARDENED_RUNTIME = NO;
				ENABLE_PREVIEWS = YES;
				GENERATE_INFOPLIST_FILE = YES;
				INFOPLIST_FILE = OrangeVanLevel/Info.plist;
				INFOPLIST_KEY_NSBluetoothAlwaysUsageDescription = "I need to see the level";
				INFOPLIST_KEY_NSBluetoothPeripheralUsageDescription = "I need to see the level";
				"INFOPLIST_KEY_UIApplicationSceneManifest_Generation[sdk=iphoneos*]" = YES;
				"INFOPLIST_KEY_UIApplicationSceneManifest_Generation[sdk=iphonesimulator*]" = YES;
				"INFOPLIST_KEY_UIApplicationSupportsIndirectInputEvents[sdk=iphoneos*]" = YES;
				"INFOPLIST_KEY_UIApplicationSupportsIndirectInputEvents[sdk=iphonesimulator*]" = YES;
				"INFOPLIST_KEY_UILaunchScreen_Generation[sdk=iphoneos*]" = YES;
				"INFOPLIST_KEY_UILaunchScreen_Generation[sdk=iphonesimulator*]" = YES;
				"INFOPLIST_KEY_UIStatusBarStyle[sdk=iphoneos*]" = UIStatusBarStyleDefault;
				"INFOPLIST_KEY_UIStatusBarStyle[sdk=iphonesimulator*]" = UIStatusBarStyleDefault;
				INFOPLIST_KEY_UISupportedInterfaceOrientations_iPad = "UIInterfaceOrientationPortrait UIInterfaceOrientationPortraitUpsideDown UIInterfaceOrientationLandscapeLeft UIInterfaceOrientationLandscapeRight";
				INFOPLIST_KEY_UISupportedInterfaceOrientations_iPhone = "UIInterfaceOrientationPortrait UIInterfaceOrientationLandscapeLeft UIInterfaceOrientationLandscapeRight";
				IPHONEOS_DEPLOYMENT_TARGET = 16.0;
				LD_RUNPATH_SEARCH_PATHS = "@executable_path/Frameworks";
				"LD_RUNPATH_SEARCH_PATHS[sdk=macosx*]" = "@executable_path/../Frameworks";
				MACOSX_DEPLOYMENT_TARGET = 12.3;
				MARKETING_VERSION = 1.0;
				PRODUCT_BUNDLE_IDENTIFIER = net.hatbat.OrangeVanLevel;
				PRODUCT_NAME = "$(TARGET_NAME)";
				SDKROOT = auto;
				SUPPORTED_PLATFORMS = "iphoneos iphonesimulator macosx";
				SWIFT_EMIT_LOC_STRINGS = YES;
				SWIFT_VERSION = 5.0;
				TARGETED_DEVICE_FAMILY = "1,2";
			};
			name = Debug;
		};
		C8789BE828D5F8FC00B6507B /* Release */ = {
			isa = XCBuildConfiguration;
			buildSettings = {
				ASSETCATALOG_COMPILER_APPICON_NAME = AppIcon;
				ASSETCATALOG_COMPILER_GLOBAL_ACCENT_COLOR_NAME = AccentColor;
				CODE_SIGN_ENTITLEMENTS = OrangeVanLevel/OrangeVanLevel.entitlements;
				CODE_SIGN_STYLE = Automatic;
				CURRENT_PROJECT_VERSION = 1;
				DEVELOPMENT_ASSET_PATHS = "\"OrangeVanLevel/Preview Content\"";
				DEVELOPMENT_TEAM = Z7Y5UC9XJ6;
				ENABLE_HARDENED_RUNTIME = NO;
				ENABLE_PREVIEWS = YES;
				GENERATE_INFOPLIST_FILE = YES;
				INFOPLIST_FILE = OrangeVanLevel/Info.plist;
				INFOPLIST_KEY_NSBluetoothAlwaysUsageDescription = "I need to see the level";
				INFOPLIST_KEY_NSBluetoothPeripheralUsageDescription = "I need to see the level";
				"INFOPLIST_KEY_UIApplicationSceneManifest_Generation[sdk=iphoneos*]" = YES;
				"INFOPLIST_KEY_UIApplicationSceneManifest_Generation[sdk=iphonesimulator*]" = YES;
				"INFOPLIST_KEY_UIApplicationSupportsIndirectInputEvents[sdk=iphoneos*]" = YES;
				"INFOPLIST_KEY_UIApplicationSupportsIndirectInputEvents[sdk=iphonesimulator*]" = YES;
				"INFOPLIST_KEY_UILaunchScreen_Generation[sdk=iphoneos*]" = YES;
				"INFOPLIST_KEY_UILaunchScreen_Generation[sdk=iphonesimulator*]" = YES;
				"INFOPLIST_KEY_UIStatusBarStyle[sdk=iphoneos*]" = UIStatusBarStyleDefault;
				"INFOPLIST_KEY_UIStatusBarStyle[sdk=iphonesimulator*]" = UIStatusBarStyleDefault;
				INFOPLIST_KEY_UISupportedInterfaceOrientations_iPad = "UIInterfaceOrientationPortrait UIInterfaceOrientationPortraitUpsideDown UIInterfaceOrientationLandscapeLeft UIInterfaceOrientationLandscapeRight";
				INFOPLIST_KEY_UISupportedInterfaceOrientations_iPhone = "UIInterfaceOrientationPortrait UIInterfaceOrientationLandscapeLeft UIInterfaceOrientationLandscapeRight";
				IPHONEOS_DEPLOYMENT_TARGET = 16.0;
				LD_RUNPATH_SEARCH_PATHS = "@executable_path/Frameworks";
				"LD_RUNPATH_SEARCH_PATHS[sdk=macosx*]" = "@executable_path/../Frameworks";
				MACOSX_DEPLOYMENT_TARGET = 12.3;
				MARKETING_VERSION = 1.0;
				PRODUCT_BUNDLE_IDENTIFIER = net.hatbat.OrangeVanLevel;
				PRODUCT_NAME = "$(TARGET_NAME)";
				SDKROOT = auto;
				SUPPORTED_PLATFORMS = "iphoneos iphonesimulator macosx";
				SWIFT_EMIT_LOC_STRINGS = YES;
				SWIFT_VERSION = 5.0;
				TARGETED_DEVICE_FAMILY = "1,2";
			};
			name = Release;
		};
/* End XCBuildConfiguration section */

/* Begin XCConfigurationList section */
		C8789BD228D5F8FB00B6507B /* Build configuration list for PBXProject "OrangeVanLevel" */ = {
			isa = XCConfigurationList;
			buildConfigurations = (
				C8789BE428D5F8FC00B6507B /* Debug */,
				C8789BE528D5F8FC00B6507B /* Release */,
			);
			defaultConfigurationIsVisible = 0;
			defaultConfigurationName = Release;
		};
		C8789BE628D5F8FC00B6507B /* Build configuration list for PBXNativeTarget "OrangeVanLevel" */ = {
			isa = XCConfigurationList;
			buildConfigurations = (
				C8789BE728D5F8FC00B6507B /* Debug */,
				C8789BE828D5F8FC00B6507B /* Release */,
			);
			defaultConfigurationIsVisible = 0;
			defaultConfigurationName = Release;
		};
/* End XCConfigurationList section */
	};
	rootObject = C8789BCF28D5F8FB00B6507B /* Project object */;
}
